// !$*UTF8*$!
{
	archiveVersion = 1;
	classes = {
	};
	objectVersion = 46;
	objects = {

/* Begin PBXBuildFile section */
		00F512221F2D385500E9D13D /* RNTextInputMask.m in Sources */ = {isa = PBXBuildFile; fileRef = 00F512211F2D385500E9D13D /* RNTextInputMask.m */; };
		00F512231F2D385500E9D13D /* RNTextInputMask.h in CopyFiles */ = {isa = PBXBuildFile; fileRef = 00F512201F2D385500E9D13D /* RNTextInputMask.h */; };
/* End PBXBuildFile section */

/* Begin PBXCopyFilesBuildPhase section */
		00F5121B1F2D385500E9D13D /* CopyFiles */ = {
			isa = PBXCopyFilesBuildPhase;
			buildActionMask = 2147483647;
			dstPath = "include/$(PRODUCT_NAME)";
			dstSubfolderSpec = 16;
			files = (
				00F512231F2D385500E9D13D /* RNTextInputMask.h in CopyFiles */,
			);
			runOnlyForDeploymentPostprocessing = 0;
		};
/* End PBXCopyFilesBuildPhase section */

/* Begin PBXFileReference section */
		00F5121D1F2D385500E9D13D /* libRNTextInputMask.a */ = {isa = PBXFileReference; explicitFileType = archive.ar; includeInIndex = 0; path = libRNTextInputMask.a; sourceTree = BUILT_PRODUCTS_DIR; };
		00F512201F2D385500E9D13D /* RNTextInputMask.h */ = {isa = PBXFileReference; lastKnownFileType = sourcecode.c.h; path = RNTextInputMask.h; sourceTree = "<group>"; };
		00F512211F2D385500E9D13D /* RNTextInputMask.m */ = {isa = PBXFileReference; lastKnownFileType = sourcecode.c.objc; path = RNTextInputMask.m; sourceTree = "<group>"; };
/* End PBXFileReference section */

/* Begin PBXFrameworksBuildPhase section */
		00F5121A1F2D385500E9D13D /* Frameworks */ = {
			isa = PBXFrameworksBuildPhase;
			buildActionMask = 2147483647;
			files = (
			);
			runOnlyForDeploymentPostprocessing = 0;
		};
/* End PBXFrameworksBuildPhase section */

/* Begin PBXGroup section */
		00F512141F2D385400E9D13D = {
			isa = PBXGroup;
			children = (
				00F5121F1F2D385500E9D13D /* RNTextInputMask */,
				00F5121E1F2D385500E9D13D /* Products */,
			);
			sourceTree = "<group>";
		};
		00F5121E1F2D385500E9D13D /* Products */ = {
			isa = PBXGroup;
			children = (
				00F5121D1F2D385500E9D13D /* libRNTextInputMask.a */,
			);
			name = Products;
			sourceTree = "<group>";
		};
		00F5121F1F2D385500E9D13D /* RNTextInputMask */ = {
			isa = PBXGroup;
			children = (
				00F512201F2D385500E9D13D /* RNTextInputMask.h */,
				00F512211F2D385500E9D13D /* RNTextInputMask.m */,
			);
			path = RNTextInputMask;
			sourceTree = "<group>";
		};
/* End PBXGroup section */

/* Begin PBXNativeTarget section */
		00F5121C1F2D385500E9D13D /* RNTextInputMask */ = {
			isa = PBXNativeTarget;
			buildConfigurationList = 00F512261F2D385500E9D13D /* Build configuration list for PBXNativeTarget "RNTextInputMask" */;
			buildPhases = (
				00F512191F2D385500E9D13D /* Sources */,
				00F5121A1F2D385500E9D13D /* Frameworks */,
				00F5121B1F2D385500E9D13D /* CopyFiles */,
			);
			buildRules = (
			);
			dependencies = (
			);
			name = RNTextInputMask;
			productName = RNTextInputMask;
			productReference = 00F5121D1F2D385500E9D13D /* libRNTextInputMask.a */;
			productType = "com.apple.product-type.library.static";
		};
/* End PBXNativeTarget section */

/* Begin PBXProject section */
		00F512151F2D385500E9D13D /* Project object */ = {
			isa = PBXProject;
			attributes = {
				LastUpgradeCheck = 0830;
				ORGANIZATIONNAME = "Ivan Zotov";
				TargetAttributes = {
					00F5121C1F2D385500E9D13D = {
						CreatedOnToolsVersion = 8.3.3;
						DevelopmentTeam = YRYY3MUZEK;
						ProvisioningStyle = Automatic;
					};
				};
			};
			buildConfigurationList = 00F512181F2D385500E9D13D /* Build configuration list for PBXProject "RNTextInputMask" */;
			compatibilityVersion = "Xcode 3.2";
			developmentRegion = English;
			hasScannedForEncodings = 0;
			knownRegions = (
				en,
			);
			mainGroup = 00F512141F2D385400E9D13D;
			productRefGroup = 00F5121E1F2D385500E9D13D /* Products */;
			projectDirPath = "";
			projectRoot = "";
			targets = (
				00F5121C1F2D385500E9D13D /* RNTextInputMask */,
			);
		};
/* End PBXProject section */

/* Begin PBXSourcesBuildPhase section */
		00F512191F2D385500E9D13D /* Sources */ = {
			isa = PBXSourcesBuildPhase;
			buildActionMask = 2147483647;
			files = (
				00F512221F2D385500E9D13D /* RNTextInputMask.m in Sources */,
			);
			runOnlyForDeploymentPostprocessing = 0;
		};
/* End PBXSourcesBuildPhase section */

/* Begin XCBuildConfiguration section */
		00F512241F2D385500E9D13D /* Debug */ = {
			isa = XCBuildConfiguration;
			buildSettings = {
				ALWAYS_SEARCH_USER_PATHS = NO;
				CLANG_ANALYZER_NONNULL = YES;
				CLANG_ANALYZER_NUMBER_OBJECT_CONVERSION = YES_AGGRESSIVE;
				CLANG_CXX_LANGUAGE_STANDARD = "gnu++0x";
				CLANG_CXX_LIBRARY = "libc++";
				CLANG_ENABLE_MODULES = YES;
				CLANG_ENABLE_OBJC_ARC = YES;
				CLANG_WARN_BOOL_CONVERSION = YES;
				CLANG_WARN_CONSTANT_CONVERSION = YES;
				CLANG_WARN_DIRECT_OBJC_ISA_USAGE = YES_ERROR;
				CLANG_WARN_DOCUMENTATION_COMMENTS = YES;
				CLANG_WARN_EMPTY_BODY = YES;
				CLANG_WARN_ENUM_CONVERSION = YES;
				CLANG_WARN_INFINITE_RECURSION = YES;
				CLANG_WARN_INT_CONVERSION = YES;
				CLANG_WARN_OBJC_ROOT_CLASS = YES_ERROR;
				CLANG_WARN_SUSPICIOUS_MOVE = YES;
				CLANG_WARN_UNREACHABLE_CODE = YES;
				CLANG_WARN__DUPLICATE_METHOD_MATCH = YES;
				"CODE_SIGN_IDENTITY[sdk=iphoneos*]" = "iPhone Developer";
				COPY_PHASE_STRIP = NO;
				DEBUG_INFORMATION_FORMAT = dwarf;
				ENABLE_STRICT_OBJC_MSGSEND = YES;
				ENABLE_TESTABILITY = YES;
				GCC_C_LANGUAGE_STANDARD = gnu99;
				GCC_DYNAMIC_NO_PIC = NO;
				GCC_NO_COMMON_BLOCKS = YES;
				GCC_OPTIMIZATION_LEVEL = 0;
				GCC_PREPROCESSOR_DEFINITIONS = (
					"DEBUG=1",
					"$(inherited)",
				);
				GCC_WARN_64_TO_32_BIT_CONVERSION = YES;
				GCC_WARN_ABOUT_RETURN_TYPE = YES_ERROR;
				GCC_WARN_UNDECLARED_SELECTOR = YES;
				GCC_WARN_UNINITIALIZED_AUTOS = YES_AGGRESSIVE;
				GCC_WARN_UNUSED_FUNCTION = YES;
				GCC_WARN_UNUSED_VARIABLE = YES;
				IPHONEOS_DEPLOYMENT_TARGET = 10.3;
				MTL_ENABLE_DEBUG_INFO = YES;
				ONLY_ACTIVE_ARCH = YES;
				SDKROOT = iphoneos;
			};
			name = Debug;
		};
		00F512251F2D385500E9D13D /* Release */ = {
			isa = XCBuildConfiguration;
			buildSettings = {
				ALWAYS_SEARCH_USER_PATHS = NO;
				CLANG_ANALYZER_NONNULL = YES;
				CLANG_ANALYZER_NUMBER_OBJECT_CONVERSION = YES_AGGRESSIVE;
				CLANG_CXX_LANGUAGE_STANDARD = "gnu++0x";
				CLANG_CXX_LIBRARY = "libc++";
				CLANG_ENABLE_MODULES = YES;
				CLANG_ENABLE_OBJC_ARC = YES;
				CLANG_WARN_BOOL_CONVERSION = YES;
				CLANG_WARN_CONSTANT_CONVERSION = YES;
				CLANG_WARN_DIRECT_OBJC_ISA_USAGE = YES_ERROR;
				CLANG_WARN_DOCUMENTATION_COMMENTS = YES;
				CLANG_WARN_EMPTY_BODY = YES;
				CLANG_WARN_ENUM_CONVERSION = YES;
				CLANG_WARN_INFINITE_RECURSION = YES;
				CLANG_WARN_INT_CONVERSION = YES;
				CLANG_WARN_OBJC_ROOT_CLASS = YES_ERROR;
				CLANG_WARN_SUSPICIOUS_MOVE = YES;
				CLANG_WARN_UNREACHABLE_CODE = YES;
				CLANG_WARN__DUPLICATE_METHOD_MATCH = YES;
				"CODE_SIGN_IDENTITY[sdk=iphoneos*]" = "iPhone Developer";
				COPY_PHASE_STRIP = NO;
				DEBUG_INFORMATION_FORMAT = "dwarf-with-dsym";
				ENABLE_NS_ASSERTIONS = NO;
				ENABLE_STRICT_OBJC_MSGSEND = YES;
				GCC_C_LANGUAGE_STANDARD = gnu99;
				GCC_NO_COMMON_BLOCKS = YES;
				GCC_WARN_64_TO_32_BIT_CONVERSION = YES;
				GCC_WARN_ABOUT_RETURN_TYPE = YES_ERROR;
				GCC_WARN_UNDECLARED_SELECTOR = YES;
				GCC_WARN_UNINITIALIZED_AUTOS = YES_AGGRESSIVE;
				GCC_WARN_UNUSED_FUNCTION = YES;
				GCC_WARN_UNUSED_VARIABLE = YES;
				IPHONEOS_DEPLOYMENT_TARGET = 10.3;
				MTL_ENABLE_DEBUG_INFO = NO;
				SDKROOT = iphoneos;
				VALIDATE_PRODUCT = YES;
			};
			name = Release;
		};
		00F512271F2D385500E9D13D /* Debug */ = {
			isa = XCBuildConfiguration;
			buildSettings = {
				DEVELOPMENT_TEAM = YRYY3MUZEK;
				OTHER_LDFLAGS = "-ObjC";
				PRODUCT_NAME = "$(TARGET_NAME)";
				SKIP_INSTALL = YES;
			};
			name = Debug;
		};
		00F512281F2D385500E9D13D /* Release */ = {
			isa = XCBuildConfiguration;
			buildSettings = {
				DEVELOPMENT_TEAM = YRYY3MUZEK;
				OTHER_LDFLAGS = "-ObjC";
				PRODUCT_NAME = "$(TARGET_NAME)";
				SKIP_INSTALL = YES;
			};
			name = Release;
		};
/* End XCBuildConfiguration section */

/* Begin XCConfigurationList section */
		00F512181F2D385500E9D13D /* Build configuration list for PBXProject "RNTextInputMask" */ = {
			isa = XCConfigurationList;
			buildConfigurations = (
				00F512241F2D385500E9D13D /* Debug */,
				00F512251F2D385500E9D13D /* Release */,
			);
			defaultConfigurationIsVisible = 0;
			defaultConfigurationName = Release;
		};
		00F512261F2D385500E9D13D /* Build configuration list for PBXNativeTarget "RNTextInputMask" */ = {
			isa = XCConfigurationList;
			buildConfigurations = (
				00F512271F2D385500E9D13D /* Debug */,
				00F512281F2D385500E9D13D /* Release */,
			);
			defaultConfigurationIsVisible = 0;
		};
/* End XCConfigurationList section */
	};
	rootObject = 00F512151F2D385500E9D13D /* Project object */;
}
