// !$*UTF8*$!
{
	archiveVersion = 1;
	classes = {
	};
	objectVersion = 46;
	objects = {

/* Begin PBXBuildFile section */
		00037D451F30732D008B5389 /* InputMask.framework in Frameworks */ = {isa = PBXBuildFile; fileRef = 0031887C1F2F2D1500755291 /* InputMask.framework */; };
		00278A051F2F25CE0023E794 /* RNTextInputMask.m in Sources */ = {isa = PBXBuildFile; fileRef = 00278A041F2F25CE0023E794 /* RNTextInputMask.m */; };
		00278A061F2F25CE0023E794 /* RNTextInputMask.h in CopyFiles */ = {isa = PBXBuildFile; fileRef = 00278A031F2F25CE0023E794 /* RNTextInputMask.h */; };
/* End PBXBuildFile section */

/* Begin PBXContainerItemProxy section */
		0031887B1F2F2D1500755291 /* PBXContainerItemProxy */ = {
			isa = PBXContainerItemProxy;
			containerPortal = 003188761F2F2D1500755291 /* InputMask.xcodeproj */;
			proxyType = 2;
			remoteGlobalIDString = 8A808ECB1D5B0FEC00A75B9C;
			remoteInfo = InputMask;
		};
		0031887D1F2F2D1500755291 /* PBXContainerItemProxy */ = {
			isa = PBXContainerItemProxy;
			containerPortal = 003188761F2F2D1500755291 /* InputMask.xcodeproj */;
			proxyType = 2;
			remoteGlobalIDString = 8A808ED51D5B0FEC00A75B9C;
			remoteInfo = InputMaskTests;
		};
/* End PBXContainerItemProxy section */

/* Begin PBXCopyFilesBuildPhase section */
		002789FE1F2F25CE0023E794 /* CopyFiles */ = {
			isa = PBXCopyFilesBuildPhase;
			buildActionMask = 2147483647;
			dstPath = "include/$(PRODUCT_NAME)";
			dstSubfolderSpec = 16;
			files = (
				00278A061F2F25CE0023E794 /* RNTextInputMask.h in CopyFiles */,
			);
			runOnlyForDeploymentPostprocessing = 0;
		};
/* End PBXCopyFilesBuildPhase section */

/* Begin PBXFileReference section */
		00278A001F2F25CE0023E794 /* libRNTextInputMask.a */ = {isa = PBXFileReference; explicitFileType = archive.ar; includeInIndex = 0; path = libRNTextInputMask.a; sourceTree = BUILT_PRODUCTS_DIR; };
		00278A031F2F25CE0023E794 /* RNTextInputMask.h */ = {isa = PBXFileReference; lastKnownFileType = sourcecode.c.h; path = RNTextInputMask.h; sourceTree = "<group>"; };
		00278A041F2F25CE0023E794 /* RNTextInputMask.m */ = {isa = PBXFileReference; lastKnownFileType = sourcecode.c.objc; path = RNTextInputMask.m; sourceTree = "<group>"; };
		003188761F2F2D1500755291 /* InputMask.xcodeproj */ = {isa = PBXFileReference; lastKnownFileType = "wrapper.pb-project"; name = InputMask.xcodeproj; path = InputMask/InputMask.xcodeproj; sourceTree = "<group>"; };
/* End PBXFileReference section */

/* Begin PBXFrameworksBuildPhase section */
		002789FD1F2F25CE0023E794 /* Frameworks */ = {
			isa = PBXFrameworksBuildPhase;
			buildActionMask = 2147483647;
			files = (
				00037D451F30732D008B5389 /* InputMask.framework in Frameworks */,
			);
			runOnlyForDeploymentPostprocessing = 0;
		};
/* End PBXFrameworksBuildPhase section */

/* Begin PBXGroup section */
		002789F71F2F25CE0023E794 = {
			isa = PBXGroup;
			children = (
				00278A0C1F2F260C0023E794 /* Libraries */,
				00278A021F2F25CE0023E794 /* RNTextInputMask */,
				00278A011F2F25CE0023E794 /* Products */,
			);
			sourceTree = "<group>";
		};
		00278A011F2F25CE0023E794 /* Products */ = {
			isa = PBXGroup;
			children = (
				00278A001F2F25CE0023E794 /* libRNTextInputMask.a */,
			);
			name = Products;
			sourceTree = "<group>";
		};
		00278A021F2F25CE0023E794 /* RNTextInputMask */ = {
			isa = PBXGroup;
			children = (
				00278A031F2F25CE0023E794 /* RNTextInputMask.h */,
				00278A041F2F25CE0023E794 /* RNTextInputMask.m */,
			);
			path = RNTextInputMask;
			sourceTree = "<group>";
		};
		00278A0C1F2F260C0023E794 /* Libraries */ = {
			isa = PBXGroup;
			children = (
				003188761F2F2D1500755291 /* InputMask.xcodeproj */,
			);
			name = Libraries;
			sourceTree = "<group>";
		};
		003188771F2F2D1500755291 /* Products */ = {
			isa = PBXGroup;
			children = (
				0031887C1F2F2D1500755291 /* InputMask.framework */,
				0031887E1F2F2D1500755291 /* InputMaskTests.xctest */,
			);
			name = Products;
			sourceTree = "<group>";
		};
/* End PBXGroup section */

/* Begin PBXNativeTarget section */
		002789FF1F2F25CE0023E794 /* RNTextInputMask */ = {
			isa = PBXNativeTarget;
			buildConfigurationList = 00278A091F2F25CE0023E794 /* Build configuration list for PBXNativeTarget "RNTextInputMask" */;
			buildPhases = (
				002789FC1F2F25CE0023E794 /* Sources */,
				002789FD1F2F25CE0023E794 /* Frameworks */,
				002789FE1F2F25CE0023E794 /* CopyFiles */,
			);
			buildRules = (
			);
			dependencies = (
			);
			name = RNTextInputMask;
			productName = RNTextInputMask;
			productReference = 00278A001F2F25CE0023E794 /* libRNTextInputMask.a */;
			productType = "com.apple.product-type.library.static";
		};
/* End PBXNativeTarget section */

/* Begin PBXProject section */
		002789F81F2F25CE0023E794 /* Project object */ = {
			isa = PBXProject;
			attributes = {
				LastUpgradeCheck = 0830;
				ORGANIZATIONNAME = "Ivan Zotov";
				TargetAttributes = {
					002789FF1F2F25CE0023E794 = {
						CreatedOnToolsVersion = 8.3.3;
						DevelopmentTeam = YRYY3MUZEK;
						ProvisioningStyle = Automatic;
					};
				};
			};
			buildConfigurationList = 002789FB1F2F25CE0023E794 /* Build configuration list for PBXProject "RNTextInputMask" */;
			compatibilityVersion = "Xcode 3.2";
			developmentRegion = English;
			hasScannedForEncodings = 0;
			knownRegions = (
				en,
			);
			mainGroup = 002789F71F2F25CE0023E794;
			productRefGroup = 00278A011F2F25CE0023E794 /* Products */;
			projectDirPath = "";
			projectReferences = (
				{
					ProductGroup = 003188771F2F2D1500755291 /* Products */;
					ProjectRef = 003188761F2F2D1500755291 /* InputMask.xcodeproj */;
				},
			);
			projectRoot = "";
			targets = (
				002789FF1F2F25CE0023E794 /* RNTextInputMask */,
			);
		};
/* End PBXProject section */

/* Begin PBXReferenceProxy section */
		0031887C1F2F2D1500755291 /* InputMask.framework */ = {
			isa = PBXReferenceProxy;
			fileType = wrapper.framework;
			path = InputMask.framework;
			remoteRef = 0031887B1F2F2D1500755291 /* PBXContainerItemProxy */;
			sourceTree = BUILT_PRODUCTS_DIR;
		};
		0031887E1F2F2D1500755291 /* InputMaskTests.xctest */ = {
			isa = PBXReferenceProxy;
			fileType = wrapper.cfbundle;
			path = InputMaskTests.xctest;
			remoteRef = 0031887D1F2F2D1500755291 /* PBXContainerItemProxy */;
			sourceTree = BUILT_PRODUCTS_DIR;
		};
/* End PBXReferenceProxy section */

/* Begin PBXSourcesBuildPhase section */
		002789FC1F2F25CE0023E794 /* Sources */ = {
			isa = PBXSourcesBuildPhase;
			buildActionMask = 2147483647;
			files = (
				00278A051F2F25CE0023E794 /* RNTextInputMask.m in Sources */,
			);
			runOnlyForDeploymentPostprocessing = 0;
		};
/* End PBXSourcesBuildPhase section */

/* Begin XCBuildConfiguration section */
		00278A071F2F25CE0023E794 /* Debug */ = {
			isa = XCBuildConfiguration;
			buildSettings = {
				ALWAYS_SEARCH_USER_PATHS = NO;
				CLANG_ANALYZER_NONNULL = YES;
				CLANG_ANALYZER_NUMBER_OBJECT_CONVERSION = YES_AGGRESSIVE;
				CLANG_CXX_LANGUAGE_STANDARD = "gnu++0x";
				CLANG_CXX_LIBRARY = "libc++";
				CLANG_ENABLE_MODULES = YES;
				CLANG_ENABLE_OBJC_ARC = YES;
				CLANG_WARN_BOOL_CONVERSION = YES;
				CLANG_WARN_CONSTANT_CONVERSION = YES;
				CLANG_WARN_DIRECT_OBJC_ISA_USAGE = YES_ERROR;
				CLANG_WARN_DOCUMENTATION_COMMENTS = YES;
				CLANG_WARN_EMPTY_BODY = YES;
				CLANG_WARN_ENUM_CONVERSION = YES;
				CLANG_WARN_INFINITE_RECURSION = YES;
				CLANG_WARN_INT_CONVERSION = YES;
				CLANG_WARN_OBJC_ROOT_CLASS = YES_ERROR;
				CLANG_WARN_SUSPICIOUS_MOVE = YES;
				CLANG_WARN_UNREACHABLE_CODE = YES;
				CLANG_WARN__DUPLICATE_METHOD_MATCH = YES;
				"CODE_SIGN_IDENTITY[sdk=iphoneos*]" = "iPhone Developer";
				COPY_PHASE_STRIP = NO;
				DEBUG_INFORMATION_FORMAT = dwarf;
				ENABLE_STRICT_OBJC_MSGSEND = YES;
				ENABLE_TESTABILITY = YES;
				GCC_C_LANGUAGE_STANDARD = gnu99;
				GCC_DYNAMIC_NO_PIC = NO;
				GCC_NO_COMMON_BLOCKS = YES;
				GCC_OPTIMIZATION_LEVEL = 0;
				GCC_PREPROCESSOR_DEFINITIONS = (
					"DEBUG=1",
					"$(inherited)",
				);
				GCC_WARN_64_TO_32_BIT_CONVERSION = YES;
				GCC_WARN_ABOUT_RETURN_TYPE = YES_ERROR;
				GCC_WARN_UNDECLARED_SELECTOR = YES;
				GCC_WARN_UNINITIALIZED_AUTOS = YES_AGGRESSIVE;
				GCC_WARN_UNUSED_FUNCTION = YES;
				GCC_WARN_UNUSED_VARIABLE = YES;
				IPHONEOS_DEPLOYMENT_TARGET = 10.3;
				MTL_ENABLE_DEBUG_INFO = YES;
				ONLY_ACTIVE_ARCH = YES;
				SDKROOT = iphoneos;
			};
			name = Debug;
		};
		00278A081F2F25CE0023E794 /* Release */ = {
			isa = XCBuildConfiguration;
			buildSettings = {
				ALWAYS_SEARCH_USER_PATHS = NO;
				CLANG_ANALYZER_NONNULL = YES;
				CLANG_ANALYZER_NUMBER_OBJECT_CONVERSION = YES_AGGRESSIVE;
				CLANG_CXX_LANGUAGE_STANDARD = "gnu++0x";
				CLANG_CXX_LIBRARY = "libc++";
				CLANG_ENABLE_MODULES = YES;
				CLANG_ENABLE_OBJC_ARC = YES;
				CLANG_WARN_BOOL_CONVERSION = YES;
				CLANG_WARN_CONSTANT_CONVERSION = YES;
				CLANG_WARN_DIRECT_OBJC_ISA_USAGE = YES_ERROR;
				CLANG_WARN_DOCUMENTATION_COMMENTS = YES;
				CLANG_WARN_EMPTY_BODY = YES;
				CLANG_WARN_ENUM_CONVERSION = YES;
				CLANG_WARN_INFINITE_RECURSION = YES;
				CLANG_WARN_INT_CONVERSION = YES;
				CLANG_WARN_OBJC_ROOT_CLASS = YES_ERROR;
				CLANG_WARN_SUSPICIOUS_MOVE = YES;
				CLANG_WARN_UNREACHABLE_CODE = YES;
				CLANG_WARN__DUPLICATE_METHOD_MATCH = YES;
				"CODE_SIGN_IDENTITY[sdk=iphoneos*]" = "iPhone Developer";
				COPY_PHASE_STRIP = NO;
				DEBUG_INFORMATION_FORMAT = "dwarf-with-dsym";
				ENABLE_NS_ASSERTIONS = NO;
				ENABLE_STRICT_OBJC_MSGSEND = YES;
				GCC_C_LANGUAGE_STANDARD = gnu99;
				GCC_NO_COMMON_BLOCKS = YES;
				GCC_WARN_64_TO_32_BIT_CONVERSION = YES;
				GCC_WARN_ABOUT_RETURN_TYPE = YES_ERROR;
				GCC_WARN_UNDECLARED_SELECTOR = YES;
				GCC_WARN_UNINITIALIZED_AUTOS = YES_AGGRESSIVE;
				GCC_WARN_UNUSED_FUNCTION = YES;
				GCC_WARN_UNUSED_VARIABLE = YES;
				IPHONEOS_DEPLOYMENT_TARGET = 10.3;
				MTL_ENABLE_DEBUG_INFO = NO;
				SDKROOT = iphoneos;
				VALIDATE_PRODUCT = YES;
			};
			name = Release;
		};
		00278A0A1F2F25CE0023E794 /* Debug */ = {
			isa = XCBuildConfiguration;
			buildSettings = {
				ALWAYS_EMBED_SWIFT_STANDARD_LIBRARIES = YES;
				DEVELOPMENT_TEAM = YRYY3MUZEK;
				HEADER_SEARCH_PATHS = "$(SRCROOT)/../../../react-native/Libraries/Text/**";
				OTHER_LDFLAGS = "-ObjC";
				PRODUCT_NAME = "$(TARGET_NAME)";
				SKIP_INSTALL = YES;
			};
			name = Debug;
		};
		00278A0B1F2F25CE0023E794 /* Release */ = {
			isa = XCBuildConfiguration;
			buildSettings = {
				ALWAYS_EMBED_SWIFT_STANDARD_LIBRARIES = YES;
				DEVELOPMENT_TEAM = YRYY3MUZEK;
				HEADER_SEARCH_PATHS = "$(SRCROOT)/../../../react-native/Libraries/Text/**";
				OTHER_LDFLAGS = "-ObjC";
				PRODUCT_NAME = "$(TARGET_NAME)";
				SKIP_INSTALL = YES;
			};
			name = Release;
		};
/* End XCBuildConfiguration section */

/* Begin XCConfigurationList section */
		002789FB1F2F25CE0023E794 /* Build configuration list for PBXProject "RNTextInputMask" */ = {
			isa = XCConfigurationList;
			buildConfigurations = (
				00278A071F2F25CE0023E794 /* Debug */,
				00278A081F2F25CE0023E794 /* Release */,
			);
			defaultConfigurationIsVisible = 0;
			defaultConfigurationName = Release;
		};
		00278A091F2F25CE0023E794 /* Build configuration list for PBXNativeTarget "RNTextInputMask" */ = {
			isa = XCConfigurationList;
			buildConfigurations = (
				00278A0A1F2F25CE0023E794 /* Debug */,
				00278A0B1F2F25CE0023E794 /* Release */,
			);
			defaultConfigurationIsVisible = 0;
			defaultConfigurationName = Release;
		};
/* End XCConfigurationList section */
	};
	rootObject = 002789F81F2F25CE0023E794 /* Project object */;
}
